<?xml version="1.0" encoding="utf-8"?>
<Project ToolsVersion="4.0" xmlns="http://schemas.microsoft.com/developer/msbuild/2003">
  <ItemGroup>
    <Filter Include="win32">
      <UniqueIdentifier>{84a8ebd7-7cf0-47f6-b75e-d441df67da40}</UniqueIdentifier>
    </Filter>
    <Filter Include="resource">
      <UniqueIdentifier>{715254bc-d70b-4ec5-bf29-467dd3ace079}</UniqueIdentifier>
    </Filter>
    <Filter Include="src">
      <UniqueIdentifier>{bb6c862e-70e9-49d9-81b7-3829a6f50471}</UniqueIdentifier>
    </Filter>
    <Filter Include="scenes">
      <UniqueIdentifier>{1318fbd4-f435-4163-9a69-7fc7aba999e7}</UniqueIdentifier>
    </Filter>
    <Filter Include="tree_model">
      <UniqueIdentifier>{afef1c45-6b23-4195-a759-21a419cf5b44}</UniqueIdentifier>
    </Filter>
    <Filter Include="visualizers">
      <UniqueIdentifier>{8c5270db-eb31-42a5-9fc2-87cf7b114992}</UniqueIdentifier>
    </Filter>
  </ItemGroup>
  <ItemGroup>
    <ClCompile Include="main.cpp">
      <Filter>win32</Filter>
    </ClCompile>
    <ClCompile Include="..\Classes\AppDelegate.cpp">
      <Filter>src</Filter>
    </ClCompile>
    <ClCompile Include="..\Classes\Game.cpp">
      <Filter>src</Filter>
    </ClCompile>
    <ClCompile Include="..\Classes\Scenes\MeadowScene.cpp">
      <Filter>scenes</Filter>
    </ClCompile>
    <ClCompile Include="..\Classes\TreeModel\Tree.cpp">
      <Filter>tree_model</Filter>
    </ClCompile>
    <ClCompile Include="..\Classes\Visualizers\TreeVisu.cpp">
      <Filter>visualizers</Filter>
    </ClCompile>
    <ClCompile Include="..\Classes\Visualizers\Utils.cpp">
      <Filter>visualizers</Filter>
    </ClCompile>
  </ItemGroup>
  <ItemGroup>
    <ClInclude Include="main.h">
      <Filter>win32</Filter>
    </ClInclude>
    <ClInclude Include="..\Classes\AppDelegate.h">
      <Filter>src</Filter>
    </ClInclude>
    <ClInclude Include="..\Classes\Game.h">
      <Filter>src</Filter>
    </ClInclude>
    <ClInclude Include="..\Classes\Scenes\MeadowScene.h">
      <Filter>scenes</Filter>
    </ClInclude>
    <ClInclude Include="..\Classes\TreeModel\Tree.h">
      <Filter>tree_model</Filter>
    </ClInclude>
    <ClInclude Include="..\Classes\Visualizers\TreeVisu.h">
      <Filter>visualizers</Filter>
    </ClInclude>
    <ClInclude Include="..\Classes\Visualizers\Utils.h">
      <Filter>visualizers</Filter>
    </ClInclude>
  </ItemGroup>
  <ItemGroup>
    <ResourceCompile Include="game.rc">
      <Filter>resource</Filter>
    </ResourceCompile>
  </ItemGroup>
</Project>